
Microsoft Visual Studio Solution File, Format Version 12.00
# Visual Studio Version 16
VisualStudioVersion = 16.0.30804.86
MinimumVisualStudioVersion = 10.0.40219.1
Project("{FAE04EC0-301F-11D3-BF4B-00C04F79EFBC}") = "DesafioPjus", "DesafioPjus\DesafioPjus.csproj", "{77DB80F3-F7A2-4988-9540-C0FD29976560}"
EndProject
Project("{FAE04EC0-301F-11D3-BF4B-00C04F79EFBC}") = "DesafioPjus.Application", "DesafioPjus.Service\DesafioPjus.Application.csproj", "{1EF03DD3-E184-4AA5-8009-9ED1181950B9}"
EndProject
Project("{FAE04EC0-301F-11D3-BF4B-00C04F79EFBC}") = "DesafioPjus.Domain", "DesafioPjus.Domain\DesafioPjus.Domain.csproj", "{16921560-6748-44F0-A1E0-FB4464E5834F}"
EndProject
Project("{FAE04EC0-301F-11D3-BF4B-00C04F79EFBC}") = "DesafioPjus.Infrastructure", "DesafioPjus.Infrastructure\DesafioPjus.Infrastructure.csproj", "{E9630C82-B6D2-490A-ABAB-0DCC3512A9F2}"
EndProject
Global
	GlobalSection(SolutionConfigurationPlatforms) = preSolution
		Debug|Any CPU = Debug|Any CPU
		Release|Any CPU = Release|Any CPU
	EndGlobalSection
	GlobalSection(ProjectConfigurationPlatforms) = postSolution
		{77DB80F3-F7A2-4988-9540-C0FD29976560}.Debug|Any CPU.ActiveCfg = Debug|Any CPU
		{77DB80F3-F7A2-4988-9540-C0FD29976560}.Debug|Any CPU.Build.0 = Debug|Any CPU
		{77DB80F3-F7A2-4988-9540-C0FD29976560}.Release|Any CPU.ActiveCfg = Release|Any CPU
		{77DB80F3-F7A2-4988-9540-C0FD29976560}.Release|Any CPU.Build.0 = Release|Any CPU
		{1EF03DD3-E184-4AA5-8009-9ED1181950B9}.Debug|Any CPU.ActiveCfg = Debug|Any CPU
		{1EF03DD3-E184-4AA5-8009-9ED1181950B9}.Debug|Any CPU.Build.0 = Debug|Any CPU
		{1EF03DD3-E184-4AA5-8009-9ED1181950B9}.Release|Any CPU.ActiveCfg = Release|Any CPU
		{1EF03DD3-E184-4AA5-8009-9ED1181950B9}.Release|Any CPU.Build.0 = Release|Any CPU
		{16921560-6748-44F0-A1E0-FB4464E5834F}.Debug|Any CPU.ActiveCfg = Debug|Any CPU
		{16921560-6748-44F0-A1E0-FB4464E5834F}.Debug|Any CPU.Build.0 = Debug|Any CPU
		{16921560-6748-44F0-A1E0-FB4464E5834F}.Release|Any CPU.ActiveCfg = Release|Any CPU
		{16921560-6748-44F0-A1E0-FB4464E5834F}.Release|Any CPU.Build.0 = Release|Any CPU
		{E9630C82-B6D2-490A-ABAB-0DCC3512A9F2}.Debug|Any CPU.ActiveCfg = Debug|Any CPU
		{E9630C82-B6D2-490A-ABAB-0DCC3512A9F2}.Debug|Any CPU.Build.0 = Debug|Any CPU
		{E9630C82-B6D2-490A-ABAB-0DCC3512A9F2}.Release|Any CPU.ActiveCfg = Release|Any CPU
		{E9630C82-B6D2-490A-ABAB-0DCC3512A9F2}.Release|Any CPU.Build.0 = Release|Any CPU
	EndGlobalSection
	GlobalSection(SolutionProperties) = preSolution
		HideSolutionNode = FALSE
	EndGlobalSection
	GlobalSection(ExtensibilityGlobals) = postSolution
		SolutionGuid = {A7E9C7DF-9011-48DE-8329-E0F999577CF8}
	EndGlobalSection
EndGlobal
